
Microsoft Visual Studio Solution File, Format Version 12.00
# Visual Studio Version 17
VisualStudioVersion = 17.3.32825.248
MinimumVisualStudioVersion = 10.0.40219.1
Project("{9A19103F-16F7-4668-BE54-9A1E7A4F7556}") = "Task_1_3", "Task_1_3\Task_1_3.csproj", "{ED85BBB4-D9A0-4FC5-BEED-720207308BC6}"
EndProject
Project("{9A19103F-16F7-4668-BE54-9A1E7A4F7556}") = "Task_2_10", "Task_2_10\Task_2_10.csproj", "{1F790D0F-40F3-4018-A046-FE10A906F2B4}"
EndProject
Project("{8BC9CEB8-8B4A-11D0-8D11-00A0C91BC942}") = "Task_1_5PS", "Task_1_5PS\Task_1_5PS.vcxproj", "{81E37DE6-A5BA-43B9-A586-517D398409C6}"
EndProject
Project("{8BC9CEB8-8B4A-11D0-8D11-00A0C91BC942}") = "Task_1_5-2_5", "Task_1_5-2_5\Task_1_5-2_5.vcxproj", "{C2BD34C6-4A37-499F-895A-7DA8A439CD13}"
EndProject
Global
	GlobalSection(SolutionConfigurationPlatforms) = preSolution
		Debug|Any CPU = Debug|Any CPU
		Debug|x64 = Debug|x64
		Debug|x86 = Debug|x86
		Release|Any CPU = Release|Any CPU
		Release|x64 = Release|x64
		Release|x86 = Release|x86
	EndGlobalSection
	GlobalSection(ProjectConfigurationPlatforms) = postSolution
		{ED85BBB4-D9A0-4FC5-BEED-720207308BC6}.Debug|Any CPU.ActiveCfg = Debug|Any CPU
		{ED85BBB4-D9A0-4FC5-BEED-720207308BC6}.Debug|Any CPU.Build.0 = Debug|Any CPU
		{ED85BBB4-D9A0-4FC5-BEED-720207308BC6}.Debug|x64.ActiveCfg = Debug|Any CPU
		{ED85BBB4-D9A0-4FC5-BEED-720207308BC6}.Debug|x64.Build.0 = Debug|Any CPU
		{ED85BBB4-D9A0-4FC5-BEED-720207308BC6}.Debug|x86.ActiveCfg = Debug|Any CPU
		{ED85BBB4-D9A0-4FC5-BEED-720207308BC6}.Debug|x86.Build.0 = Debug|Any CPU
		{ED85BBB4-D9A0-4FC5-BEED-720207308BC6}.Release|Any CPU.ActiveCfg = Release|Any CPU
		{ED85BBB4-D9A0-4FC5-BEED-720207308BC6}.Release|Any CPU.Build.0 = Release|Any CPU
		{ED85BBB4-D9A0-4FC5-BEED-720207308BC6}.Release|x64.ActiveCfg = Release|Any CPU
		{ED85BBB4-D9A0-4FC5-BEED-720207308BC6}.Release|x64.Build.0 = Release|Any CPU
		{ED85BBB4-D9A0-4FC5-BEED-720207308BC6}.Release|x86.ActiveCfg = Release|Any CPU
		{ED85BBB4-D9A0-4FC5-BEED-720207308BC6}.Release|x86.Build.0 = Release|Any CPU
		{1F790D0F-40F3-4018-A046-FE10A906F2B4}.Debug|Any CPU.ActiveCfg = Debug|Any CPU
		{1F790D0F-40F3-4018-A046-FE10A906F2B4}.Debug|Any CPU.Build.0 = Debug|Any CPU
		{1F790D0F-40F3-4018-A046-FE10A906F2B4}.Debug|x64.ActiveCfg = Debug|Any CPU
		{1F790D0F-40F3-4018-A046-FE10A906F2B4}.Debug|x64.Build.0 = Debug|Any CPU
		{1F790D0F-40F3-4018-A046-FE10A906F2B4}.Debug|x86.ActiveCfg = Debug|Any CPU
		{1F790D0F-40F3-4018-A046-FE10A906F2B4}.Debug|x86.Build.0 = Debug|Any CPU
		{1F790D0F-40F3-4018-A046-FE10A906F2B4}.Release|Any CPU.ActiveCfg = Release|Any CPU
		{1F790D0F-40F3-4018-A046-FE10A906F2B4}.Release|Any CPU.Build.0 = Release|Any CPU
		{1F790D0F-40F3-4018-A046-FE10A906F2B4}.Release|x64.ActiveCfg = Release|Any CPU
		{1F790D0F-40F3-4018-A046-FE10A906F2B4}.Release|x64.Build.0 = Release|Any CPU
		{1F790D0F-40F3-4018-A046-FE10A906F2B4}.Release|x86.ActiveCfg = Release|Any CPU
		{1F790D0F-40F3-4018-A046-FE10A906F2B4}.Release|x86.Build.0 = Release|Any CPU
		{81E37DE6-A5BA-43B9-A586-517D398409C6}.Debug|Any CPU.ActiveCfg = Debug|x64
		{81E37DE6-A5BA-43B9-A586-517D398409C6}.Debug|x64.ActiveCfg = Debug|x64
		{81E37DE6-A5BA-43B9-A586-517D398409C6}.Debug|x86.ActiveCfg = Debug|Win32
		{81E37DE6-A5BA-43B9-A586-517D398409C6}.Release|Any CPU.ActiveCfg = Release|x64
		{81E37DE6-A5BA-43B9-A586-517D398409C6}.Release|x64.ActiveCfg = Release|x64
		{81E37DE6-A5BA-43B9-A586-517D398409C6}.Release|x86.ActiveCfg = Release|Win32
		{C2BD34C6-4A37-499F-895A-7DA8A439CD13}.Debug|Any CPU.ActiveCfg = Debug|x64
		{C2BD34C6-4A37-499F-895A-7DA8A439CD13}.Debug|Any CPU.Build.0 = Debug|x64
		{C2BD34C6-4A37-499F-895A-7DA8A439CD13}.Debug|x64.ActiveCfg = Debug|x64
		{C2BD34C6-4A37-499F-895A-7DA8A439CD13}.Debug|x64.Build.0 = Debug|x64
		{C2BD34C6-4A37-499F-895A-7DA8A439CD13}.Debug|x86.ActiveCfg = Debug|Win32
		{C2BD34C6-4A37-499F-895A-7DA8A439CD13}.Debug|x86.Build.0 = Debug|Win32
		{C2BD34C6-4A37-499F-895A-7DA8A439CD13}.Release|Any CPU.ActiveCfg = Release|x64
		{C2BD34C6-4A37-499F-895A-7DA8A439CD13}.Release|Any CPU.Build.0 = Release|x64
		{C2BD34C6-4A37-499F-895A-7DA8A439CD13}.Release|x64.ActiveCfg = Release|x64
		{C2BD34C6-4A37-499F-895A-7DA8A439CD13}.Release|x64.Build.0 = Release|x64
		{C2BD34C6-4A37-499F-895A-7DA8A439CD13}.Release|x86.ActiveCfg = Release|Win32
		{C2BD34C6-4A37-499F-895A-7DA8A439CD13}.Release|x86.Build.0 = Release|Win32
	EndGlobalSection
	GlobalSection(SolutionProperties) = preSolution
		HideSolutionNode = FALSE
	EndGlobalSection
	GlobalSection(ExtensibilityGlobals) = postSolution
		SolutionGuid = {BE9E5E74-6874-4F94-8F2A-D009C67B2B4E}
	EndGlobalSection
EndGlobal
